
Microsoft Visual Studio Solution File, Format Version 12.00
# Visual Studio 15
VisualStudioVersion = 15.0.28010.2041
MinimumVisualStudioVersion = 10.0.40219.1
Project("{FAE04EC0-301F-11D3-BF4B-00C04F79EFBC}") = "RegularExpressions", "RegularExpressions.csproj", "{869149BB-842B-4471-8243-9ABF457B3A44}"
EndProject
Project("{2150E333-8FDC-42A3-9474-1A3956D46DE8}") = "Solution Items", "Solution Items", "{54E48275-FE82-44EB-B71E-64C6D57E8AA7}"
EndProject
Global
	GlobalSection(SolutionConfigurationPlatforms) = preSolution
		Debug|Any CPU = Debug|Any CPU
		Release|Any CPU = Release|Any CPU
	EndGlobalSection
	GlobalSection(ProjectConfigurationPlatforms) = postSolution
		{869149BB-842B-4471-8243-9ABF457B3A44}.Debug|Any CPU.ActiveCfg = Debug|Any CPU
		{869149BB-842B-4471-8243-9ABF457B3A44}.Debug|Any CPU.Build.0 = Debug|Any CPU
		{869149BB-842B-4471-8243-9ABF457B3A44}.Release|Any CPU.ActiveCfg = Release|Any CPU
		{869149BB-842B-4471-8243-9ABF457B3A44}.Release|Any CPU.Build.0 = Release|Any CPU
	EndGlobalSection
	GlobalSection(SolutionProperties) = preSolution
		HideSolutionNode = FALSE
	EndGlobalSection
	GlobalSection(ExtensibilityGlobals) = postSolution
		SolutionGuid = {434F749C-D30C-4D12-9941-6ABBAB3D2D88}
	EndGlobalSection
EndGlobal
